// !$*UTF8*$!
{
	archiveVersion = 1;
	classes = {
	};
	objectVersion = 46;
	objects = {

/* Begin PBXBuildFile section */
		1D3623260D0F684500981E51 /* smclivAppDelegate.m in Sources */ = {isa = PBXBuildFile; fileRef = 1D3623250D0F684500981E51 /* smclivAppDelegate.m */; };
		1D60589B0D05DD56006BFB54 /* main.m in Sources */ = {isa = PBXBuildFile; fileRef = 29B97316FDCFA39411CA2CEA /* main.m */; };
		1D60589F0D05DD5A006BFB54 /* Foundation.framework in Frameworks */ = {isa = PBXBuildFile; fileRef = 1D30AB110D05D00D00671497 /* Foundation.framework */; };
		1DF5F4E00D08C38300B7A737 /* UIKit.framework in Frameworks */ = {isa = PBXBuildFile; fileRef = 1DF5F4DF0D08C38300B7A737 /* UIKit.framework */; };
		288765A50DF7441C002DB57D /* CoreGraphics.framework in Frameworks */ = {isa = PBXBuildFile; fileRef = 288765A40DF7441C002DB57D /* CoreGraphics.framework */; };
		2899E5220DE3E06400AC0155 /* smclivViewController.xib in Resources */ = {isa = PBXBuildFile; fileRef = 2899E5210DE3E06400AC0155 /* smclivViewController.xib */; };
		28AD733F0D9D9553002E5188 /* MainWindow.xib in Resources */ = {isa = PBXBuildFile; fileRef = 28AD733E0D9D9553002E5188 /* MainWindow.xib */; };
		28D7ACF80DDB3853001CB0EB /* smclivViewController.m in Sources */ = {isa = PBXBuildFile; fileRef = 28D7ACF70DDB3853001CB0EB /* smclivViewController.m */; };
		5283CBF812F8748D00E6F977 /* HierarchyViewController.m in Sources */ = {isa = PBXBuildFile; fileRef = 5283CBE912F8748D00E6F977 /* HierarchyViewController.m */; };
		5283CBF912F8748D00E6F977 /* ItemDetailViewController.m in Sources */ = {isa = PBXBuildFile; fileRef = 5283CBEB12F8748D00E6F977 /* ItemDetailViewController.m */; };
		5283CBFA12F8748D00E6F977 /* ItemListTableViewCell.m in Sources */ = {isa = PBXBuildFile; fileRef = 5283CBED12F8748D00E6F977 /* ItemListTableViewCell.m */; };
		5283CBFB12F8748D00E6F977 /* ItemListViewController.m in Sources */ = {isa = PBXBuildFile; fileRef = 5283CBEF12F8748D00E6F977 /* ItemListViewController.m */; };
		5283CBFC12F8748D00E6F977 /* ItemWebViewController.m in Sources */ = {isa = PBXBuildFile; fileRef = 5283CBF112F8748D00E6F977 /* ItemWebViewController.m */; };
		5283CBFD12F8748D00E6F977 /* ItemWebViewController.xib in Resources */ = {isa = PBXBuildFile; fileRef = 5283CBF212F8748D00E6F977 /* ItemWebViewController.xib */; };
		5283CBFE12F8748D00E6F977 /* ListViewController.m in Sources */ = {isa = PBXBuildFile; fileRef = 5283CBF412F8748D00E6F977 /* ListViewController.m */; };
		5283CBFF12F8748D00E6F977 /* WebBrowserViewController.m in Sources */ = {isa = PBXBuildFile; fileRef = 5283CBF612F8748D00E6F977 /* WebBrowserViewController.m */; };
		5283CC0012F8748D00E6F977 /* WebBrowserViewController.xib in Resources */ = {isa = PBXBuildFile; fileRef = 5283CBF712F8748D00E6F977 /* WebBrowserViewController.xib */; };
/* End PBXBuildFile section */

/* Begin PBXFileReference section */
		1D30AB110D05D00D00671497 /* Foundation.framework */ = {isa = PBXFileReference; lastKnownFileType = wrapper.framework; name = Foundation.framework; path = System/Library/Frameworks/Foundation.framework; sourceTree = SDKROOT; };
		1D3623240D0F684500981E51 /* smclivAppDelegate.h */ = {isa = PBXFileReference; fileEncoding = 4; lastKnownFileType = sourcecode.c.h; path = smclivAppDelegate.h; sourceTree = "<group>"; };
		1D3623250D0F684500981E51 /* smclivAppDelegate.m */ = {isa = PBXFileReference; fileEncoding = 4; lastKnownFileType = sourcecode.c.objc; path = smclivAppDelegate.m; sourceTree = "<group>"; };
		1D6058910D05DD3D006BFB54 /* smcliv.app */ = {isa = PBXFileReference; explicitFileType = wrapper.application; includeInIndex = 0; path = smcliv.app; sourceTree = BUILT_PRODUCTS_DIR; };
		1DF5F4DF0D08C38300B7A737 /* UIKit.framework */ = {isa = PBXFileReference; lastKnownFileType = wrapper.framework; name = UIKit.framework; path = System/Library/Frameworks/UIKit.framework; sourceTree = SDKROOT; };
		288765A40DF7441C002DB57D /* CoreGraphics.framework */ = {isa = PBXFileReference; lastKnownFileType = wrapper.framework; name = CoreGraphics.framework; path = System/Library/Frameworks/CoreGraphics.framework; sourceTree = SDKROOT; };
		2899E5210DE3E06400AC0155 /* smclivViewController.xib */ = {isa = PBXFileReference; lastKnownFileType = file.xib; path = smclivViewController.xib; sourceTree = "<group>"; };
		28AD733E0D9D9553002E5188 /* MainWindow.xib */ = {isa = PBXFileReference; lastKnownFileType = file.xib; path = MainWindow.xib; sourceTree = "<group>"; };
		28D7ACF60DDB3853001CB0EB /* smclivViewController.h */ = {isa = PBXFileReference; fileEncoding = 4; lastKnownFileType = sourcecode.c.h; path = smclivViewController.h; sourceTree = "<group>"; };
		28D7ACF70DDB3853001CB0EB /* smclivViewController.m */ = {isa = PBXFileReference; fileEncoding = 4; lastKnownFileType = sourcecode.c.objc; path = smclivViewController.m; sourceTree = "<group>"; };
		29B97316FDCFA39411CA2CEA /* main.m */ = {isa = PBXFileReference; fileEncoding = 4; lastKnownFileType = sourcecode.c.objc; path = main.m; sourceTree = "<group>"; };
		32CA4F630368D1EE00C91783 /* smcliv_Prefix.pch */ = {isa = PBXFileReference; fileEncoding = 4; lastKnownFileType = sourcecode.c.h; path = smcliv_Prefix.pch; sourceTree = "<group>"; };
		5283CBE812F8748D00E6F977 /* HierarchyViewController.h */ = {isa = PBXFileReference; fileEncoding = 4; lastKnownFileType = sourcecode.c.h; path = HierarchyViewController.h; sourceTree = "<group>"; };
		5283CBE912F8748D00E6F977 /* HierarchyViewController.m */ = {isa = PBXFileReference; fileEncoding = 4; lastKnownFileType = sourcecode.c.objc; path = HierarchyViewController.m; sourceTree = "<group>"; };
		5283CBEA12F8748D00E6F977 /* ItemDetailViewController.h */ = {isa = PBXFileReference; fileEncoding = 4; lastKnownFileType = sourcecode.c.h; path = ItemDetailViewController.h; sourceTree = "<group>"; };
		5283CBEB12F8748D00E6F977 /* ItemDetailViewController.m */ = {isa = PBXFileReference; fileEncoding = 4; lastKnownFileType = sourcecode.c.objc; path = ItemDetailViewController.m; sourceTree = "<group>"; };
		5283CBEC12F8748D00E6F977 /* ItemListTableViewCell.h */ = {isa = PBXFileReference; fileEncoding = 4; lastKnownFileType = sourcecode.c.h; path = ItemListTableViewCell.h; sourceTree = "<group>"; };
		5283CBED12F8748D00E6F977 /* ItemListTableViewCell.m */ = {isa = PBXFileReference; fileEncoding = 4; lastKnownFileType = sourcecode.c.objc; path = ItemListTableViewCell.m; sourceTree = "<group>"; };
		5283CBEE12F8748D00E6F977 /* ItemListViewController.h */ = {isa = PBXFileReference; fileEncoding = 4; lastKnownFileType = sourcecode.c.h; path = ItemListViewController.h; sourceTree = "<group>"; };
		5283CBEF12F8748D00E6F977 /* ItemListViewController.m */ = {isa = PBXFileReference; fileEncoding = 4; lastKnownFileType = sourcecode.c.objc; path = ItemListViewController.m; sourceTree = "<group>"; };
		5283CBF012F8748D00E6F977 /* ItemWebViewController.h */ = {isa = PBXFileReference; fileEncoding = 4; lastKnownFileType = sourcecode.c.h; path = ItemWebViewController.h; sourceTree = "<group>"; };
		5283CBF112F8748D00E6F977 /* ItemWebViewController.m */ = {isa = PBXFileReference; fileEncoding = 4; lastKnownFileType = sourcecode.c.objc; path = ItemWebViewController.m; sourceTree = "<group>"; };
		5283CBF212F8748D00E6F977 /* ItemWebViewController.xib */ = {isa = PBXFileReference; lastKnownFileType = file.xib; path = ItemWebViewController.xib; sourceTree = "<group>"; };
		5283CBF312F8748D00E6F977 /* ListViewController.h */ = {isa = PBXFileReference; fileEncoding = 4; lastKnownFileType = sourcecode.c.h; path = ListViewController.h; sourceTree = "<group>"; };
		5283CBF412F8748D00E6F977 /* ListViewController.m */ = {isa = PBXFileReference; fileEncoding = 4; lastKnownFileType = sourcecode.c.objc; path = ListViewController.m; sourceTree = "<group>"; };
		5283CBF512F8748D00E6F977 /* WebBrowserViewController.h */ = {isa = PBXFileReference; fileEncoding = 4; lastKnownFileType = sourcecode.c.h; path = WebBrowserViewController.h; sourceTree = "<group>"; };
		5283CBF612F8748D00E6F977 /* WebBrowserViewController.m */ = {isa = PBXFileReference; fileEncoding = 4; lastKnownFileType = sourcecode.c.objc; path = WebBrowserViewController.m; sourceTree = "<group>"; };
		5283CBF712F8748D00E6F977 /* WebBrowserViewController.xib */ = {isa = PBXFileReference; lastKnownFileType = file.xib; path = WebBrowserViewController.xib; sourceTree = "<group>"; };
		8D1107310486CEB800E47090 /* smcliv-Info.plist */ = {isa = PBXFileReference; fileEncoding = 4; lastKnownFileType = text.plist.xml; path = "smcliv-Info.plist"; plistStructureDefinitionIdentifier = "com.apple.xcode.plist.structure-definition.iphone.info-plist"; sourceTree = "<group>"; };
/* End PBXFileReference section */

/* Begin PBXFrameworksBuildPhase section */
		1D60588F0D05DD3D006BFB54 /* Frameworks */ = {
			isa = PBXFrameworksBuildPhase;
			buildActionMask = 2147483647;
			files = (
				1D60589F0D05DD5A006BFB54 /* Foundation.framework in Frameworks */,
				1DF5F4E00D08C38300B7A737 /* UIKit.framework in Frameworks */,
				288765A50DF7441C002DB57D /* CoreGraphics.framework in Frameworks */,
			);
			runOnlyForDeploymentPostprocessing = 0;
		};
/* End PBXFrameworksBuildPhase section */

/* Begin PBXGroup section */
		080E96DDFE201D6D7F000001 /* Classes */ = {
			isa = PBXGroup;
			children = (
				1D3623240D0F684500981E51 /* smclivAppDelegate.h */,
				1D3623250D0F684500981E51 /* smclivAppDelegate.m */,
				28D7ACF60DDB3853001CB0EB /* smclivViewController.h */,
				28D7ACF70DDB3853001CB0EB /* smclivViewController.m */,
			);
			path = Classes;
			sourceTree = "<group>";
		};
		19C28FACFE9D520D11CA2CBB /* Products */ = {
			isa = PBXGroup;
			children = (
				1D6058910D05DD3D006BFB54 /* smcliv.app */,
			);
			name = Products;
			sourceTree = "<group>";
		};
		29B97314FDCFA39411CA2CEA /* CustomTemplate */ = {
			isa = PBXGroup;
			children = (
				080E96DDFE201D6D7F000001 /* Classes */,
				5283CBDC12F8747B00E6F977 /* lib */,
				29B97315FDCFA39411CA2CEA /* Other Sources */,
				29B97317FDCFA39411CA2CEA /* Resources */,
				29B97323FDCFA39411CA2CEA /* Frameworks */,
				19C28FACFE9D520D11CA2CBB /* Products */,
			);
			name = CustomTemplate;
			sourceTree = "<group>";
		};
		29B97315FDCFA39411CA2CEA /* Other Sources */ = {
			isa = PBXGroup;
			children = (
				32CA4F630368D1EE00C91783 /* smcliv_Prefix.pch */,
				29B97316FDCFA39411CA2CEA /* main.m */,
			);
			name = "Other Sources";
			sourceTree = "<group>";
		};
		29B97317FDCFA39411CA2CEA /* Resources */ = {
			isa = PBXGroup;
			children = (
				2899E5210DE3E06400AC0155 /* smclivViewController.xib */,
				28AD733E0D9D9553002E5188 /* MainWindow.xib */,
				8D1107310486CEB800E47090 /* smcliv-Info.plist */,
			);
			name = Resources;
			sourceTree = "<group>";
		};
		29B97323FDCFA39411CA2CEA /* Frameworks */ = {
			isa = PBXGroup;
			children = (
				1DF5F4DF0D08C38300B7A737 /* UIKit.framework */,
				1D30AB110D05D00D00671497 /* Foundation.framework */,
				288765A40DF7441C002DB57D /* CoreGraphics.framework */,
			);
			name = Frameworks;
			sourceTree = "<group>";
		};
		5283CBDC12F8747B00E6F977 /* lib */ = {
			isa = PBXGroup;
			children = (
				5283CBE712F8748D00E6F977 /* HierarchyViewController */,
			);
			name = lib;
			sourceTree = "<group>";
		};
		5283CBE712F8748D00E6F977 /* HierarchyViewController */ = {
			isa = PBXGroup;
			children = (
				5283CBE812F8748D00E6F977 /* HierarchyViewController.h */,
				5283CBE912F8748D00E6F977 /* HierarchyViewController.m */,
				5283CBEA12F8748D00E6F977 /* ItemDetailViewController.h */,
				5283CBEB12F8748D00E6F977 /* ItemDetailViewController.m */,
				5283CBEC12F8748D00E6F977 /* ItemListTableViewCell.h */,
				5283CBED12F8748D00E6F977 /* ItemListTableViewCell.m */,
				5283CBEE12F8748D00E6F977 /* ItemListViewController.h */,
				5283CBEF12F8748D00E6F977 /* ItemListViewController.m */,
				5283CBF012F8748D00E6F977 /* ItemWebViewController.h */,
				5283CBF112F8748D00E6F977 /* ItemWebViewController.m */,
				5283CBF212F8748D00E6F977 /* ItemWebViewController.xib */,
				5283CBF312F8748D00E6F977 /* ListViewController.h */,
				5283CBF412F8748D00E6F977 /* ListViewController.m */,
				5283CBF512F8748D00E6F977 /* WebBrowserViewController.h */,
				5283CBF612F8748D00E6F977 /* WebBrowserViewController.m */,
				5283CBF712F8748D00E6F977 /* WebBrowserViewController.xib */,
			);
			name = HierarchyViewController;
			path = lib/HierarchyApp/HierarchyViewController;
			sourceTree = "<group>";
		};
/* End PBXGroup section */

/* Begin PBXNativeTarget section */
		1D6058900D05DD3D006BFB54 /* smcliv */ = {
			isa = PBXNativeTarget;
			buildConfigurationList = 1D6058960D05DD3E006BFB54 /* Build configuration list for PBXNativeTarget "smcliv" */;
			buildPhases = (
				1D60588D0D05DD3D006BFB54 /* Resources */,
				1D60588E0D05DD3D006BFB54 /* Sources */,
				1D60588F0D05DD3D006BFB54 /* Frameworks */,
			);
			buildRules = (
			);
			dependencies = (
			);
			name = smcliv;
			productName = smcliv;
			productReference = 1D6058910D05DD3D006BFB54 /* smcliv.app */;
			productType = "com.apple.product-type.application";
		};
/* End PBXNativeTarget section */

/* Begin PBXProject section */
		29B97313FDCFA39411CA2CEA /* Project object */ = {
			isa = PBXProject;
			buildConfigurationList = C01FCF4E08A954540054247B /* Build configuration list for PBXProject "smcliv" */;
			compatibilityVersion = "Xcode 3.2";
			developmentRegion = English;
			hasScannedForEncodings = 1;
			knownRegions = (
				English,
				Japanese,
				French,
				German,
			);
			mainGroup = 29B97314FDCFA39411CA2CEA /* CustomTemplate */;
			projectDirPath = "";
			projectRoot = "";
			targets = (
				1D6058900D05DD3D006BFB54 /* smcliv */,
			);
		};
/* End PBXProject section */

/* Begin PBXResourcesBuildPhase section */
		1D60588D0D05DD3D006BFB54 /* Resources */ = {
			isa = PBXResourcesBuildPhase;
			buildActionMask = 2147483647;
			files = (
				28AD733F0D9D9553002E5188 /* MainWindow.xib in Resources */,
				2899E5220DE3E06400AC0155 /* smclivViewController.xib in Resources */,
				5283CBFD12F8748D00E6F977 /* ItemWebViewController.xib in Resources */,
				5283CC0012F8748D00E6F977 /* WebBrowserViewController.xib in Resources */,
			);
			runOnlyForDeploymentPostprocessing = 0;
		};
/* End PBXResourcesBuildPhase section */

/* Begin PBXSourcesBuildPhase section */
		1D60588E0D05DD3D006BFB54 /* Sources */ = {
			isa = PBXSourcesBuildPhase;
			buildActionMask = 2147483647;
			files = (
				1D60589B0D05DD56006BFB54 /* main.m in Sources */,
				1D3623260D0F684500981E51 /* smclivAppDelegate.m in Sources */,
				28D7ACF80DDB3853001CB0EB /* smclivViewController.m in Sources */,
				5283CBF812F8748D00E6F977 /* HierarchyViewController.m in Sources */,
				5283CBF912F8748D00E6F977 /* ItemDetailViewController.m in Sources */,
				5283CBFA12F8748D00E6F977 /* ItemListTableViewCell.m in Sources */,
				5283CBFB12F8748D00E6F977 /* ItemListViewController.m in Sources */,
				5283CBFC12F8748D00E6F977 /* ItemWebViewController.m in Sources */,
				5283CBFE12F8748D00E6F977 /* ListViewController.m in Sources */,
				5283CBFF12F8748D00E6F977 /* WebBrowserViewController.m in Sources */,
			);
			runOnlyForDeploymentPostprocessing = 0;
		};
/* End PBXSourcesBuildPhase section */

/* Begin XCBuildConfiguration section */
		1D6058940D05DD3E006BFB54 /* Debug */ = {
			isa = XCBuildConfiguration;
			buildSettings = {
				ALWAYS_SEARCH_USER_PATHS = NO;
				COPY_PHASE_STRIP = NO;
				GCC_DYNAMIC_NO_PIC = NO;
				GCC_OPTIMIZATION_LEVEL = 0;
				GCC_PRECOMPILE_PREFIX_HEADER = YES;
				GCC_PREFIX_HEADER = smcliv_Prefix.pch;
				INFOPLIST_FILE = "smcliv-Info.plist";
				PRODUCT_NAME = smcliv;
			};
			name = Debug;
		};
		1D6058950D05DD3E006BFB54 /* Release */ = {
			isa = XCBuildConfiguration;
			buildSettings = {
				ALWAYS_SEARCH_USER_PATHS = NO;
				COPY_PHASE_STRIP = YES;
				GCC_PRECOMPILE_PREFIX_HEADER = YES;
				GCC_PREFIX_HEADER = smcliv_Prefix.pch;
				INFOPLIST_FILE = "smcliv-Info.plist";
				PRODUCT_NAME = smcliv;
				VALIDATE_PRODUCT = YES;
			};
			name = Release;
		};
		5283CBD512F8724600E6F977 /* Adhoc */ = {
			isa = XCBuildConfiguration;
			buildSettings = {
				ARCHS = "$(ARCHS_STANDARD_32_BIT)";
				"CODE_SIGN_IDENTITY[sdk=iphoneos*]" = "iPhone Developer";
				GCC_C_LANGUAGE_STANDARD = c99;
				GCC_WARN_ABOUT_RETURN_TYPE = YES;
				GCC_WARN_UNUSED_VARIABLE = YES;
				OTHER_CFLAGS = "-DNS_BLOCK_ASSERTIONS=1";
				PREBINDING = NO;
				SDKROOT = iphoneos;
			};
			name = Adhoc;
		};
		5283CBD612F8724600E6F977 /* Adhoc */ = {
			isa = XCBuildConfiguration;
			buildSettings = {
				ALWAYS_SEARCH_USER_PATHS = NO;
				COPY_PHASE_STRIP = YES;
				GCC_PRECOMPILE_PREFIX_HEADER = YES;
				GCC_PREFIX_HEADER = smcliv_Prefix.pch;
				INFOPLIST_FILE = "smcliv-Info.plist";
				PRODUCT_NAME = smcliv;
				VALIDATE_PRODUCT = YES;
			};
			name = Adhoc;
		};
		5283CBD712F8724E00E6F977 /* AppStore */ = {
			isa = XCBuildConfiguration;
			buildSettings = {
				ARCHS = "$(ARCHS_STANDARD_32_BIT)";
				"CODE_SIGN_IDENTITY[sdk=iphoneos*]" = "iPhone Developer";
				GCC_C_LANGUAGE_STANDARD = c99;
				GCC_WARN_ABOUT_RETURN_TYPE = YES;
				GCC_WARN_UNUSED_VARIABLE = YES;
				OTHER_CFLAGS = "-DNS_BLOCK_ASSERTIONS=1";
				PREBINDING = NO;
				SDKROOT = iphoneos;
			};
			name = AppStore;
		};
		5283CBD812F8724E00E6F977 /* AppStore */ = {
			isa = XCBuildConfiguration;
			buildSettings = {
				ALWAYS_SEARCH_USER_PATHS = NO;
				COPY_PHASE_STRIP = YES;
				GCC_PRECOMPILE_PREFIX_HEADER = YES;
				GCC_PREFIX_HEADER = smcliv_Prefix.pch;
				INFOPLIST_FILE = "smcliv-Info.plist";
				PRODUCT_NAME = smcliv;
				VALIDATE_PRODUCT = YES;
			};
			name = AppStore;
		};
		C01FCF4F08A954540054247B /* Debug */ = {
			isa = XCBuildConfiguration;
			buildSettings = {
				ARCHS = "$(ARCHS_STANDARD_32_BIT)";
				"CODE_SIGN_IDENTITY[sdk=iphoneos*]" = "iPhone Developer";
				GCC_C_LANGUAGE_STANDARD = c99;
				GCC_WARN_ABOUT_RETURN_TYPE = YES;
				GCC_WARN_UNUSED_VARIABLE = YES;
				PREBINDING = NO;
				SDKROOT = iphoneos;
			};
			name = Debug;
		};
		C01FCF5008A954540054247B /* Release */ = {
			isa = XCBuildConfiguration;
			buildSettings = {
				ARCHS = "$(ARCHS_STANDARD_32_BIT)";
				"CODE_SIGN_IDENTITY[sdk=iphoneos*]" = "iPhone Developer";
				GCC_C_LANGUAGE_STANDARD = c99;
				GCC_WARN_ABOUT_RETURN_TYPE = YES;
				GCC_WARN_UNUSED_VARIABLE = YES;
				OTHER_CFLAGS = "-DNS_BLOCK_ASSERTIONS=1";
				PREBINDING = NO;
				SDKROOT = iphoneos;
			};
			name = Release;
		};
/* End XCBuildConfiguration section */

/* Begin XCConfigurationList section */
		1D6058960D05DD3E006BFB54 /* Build configuration list for PBXNativeTarget "smcliv" */ = {
			isa = XCConfigurationList;
			buildConfigurations = (
				1D6058940D05DD3E006BFB54 /* Debug */,
				1D6058950D05DD3E006BFB54 /* Release */,
				5283CBD612F8724600E6F977 /* Adhoc */,
				5283CBD812F8724E00E6F977 /* AppStore */,
			);
			defaultConfigurationIsVisible = 0;
			defaultConfigurationName = Release;
		};
		C01FCF4E08A954540054247B /* Build configuration list for PBXProject "smcliv" */ = {
			isa = XCConfigurationList;
			buildConfigurations = (
				C01FCF4F08A954540054247B /* Debug */,
				C01FCF5008A954540054247B /* Release */,
				5283CBD512F8724600E6F977 /* Adhoc */,
				5283CBD712F8724E00E6F977 /* AppStore */,
			);
			defaultConfigurationIsVisible = 0;
			defaultConfigurationName = Release;
		};
/* End XCConfigurationList section */
	};
	rootObject = 29B97313FDCFA39411CA2CEA /* Project object */;
}
